// !$*UTF8*$!
{
	archiveVersion = 1;
	classes = {
	};
	objectVersion = 50;
	objects = {

/* Begin PBXBuildFile section */
		769E7442243330D000762FD8 /* AppDelegate.swift in Sources */ = {isa = PBXBuildFile; fileRef = 769E7441243330D000762FD8 /* AppDelegate.swift */; };
		769E7444243330D000762FD8 /* SceneDelegate.swift in Sources */ = {isa = PBXBuildFile; fileRef = 769E7443243330D000762FD8 /* SceneDelegate.swift */; };
		769E7446243330D000762FD8 /* ContentView.swift in Sources */ = {isa = PBXBuildFile; fileRef = 769E7445243330D000762FD8 /* ContentView.swift */; };
		769E7448243330D200762FD8 /* Assets.xcassets in Resources */ = {isa = PBXBuildFile; fileRef = 769E7447243330D200762FD8 /* Assets.xcassets */; };
		769E744B243330D200762FD8 /* Preview Assets.xcassets in Resources */ = {isa = PBXBuildFile; fileRef = 769E744A243330D200762FD8 /* Preview Assets.xcassets */; };
		769E744E243330D200762FD8 /* LaunchScreen.storyboard in Resources */ = {isa = PBXBuildFile; fileRef = 769E744C243330D200762FD8 /* LaunchScreen.storyboard */; };
		769E7459243330D200762FD8 /* MualimTests.swift in Sources */ = {isa = PBXBuildFile; fileRef = 769E7458243330D200762FD8 /* MualimTests.swift */; };
		769E7464243330D200762FD8 /* MualimUITests.swift in Sources */ = {isa = PBXBuildFile; fileRef = 769E7463243330D200762FD8 /* MualimUITests.swift */; };
/* End PBXBuildFile section */

/* Begin PBXContainerItemProxy section */
		769E7455243330D200762FD8 /* PBXContainerItemProxy */ = {
			isa = PBXContainerItemProxy;
			containerPortal = 769E7436243330D000762FD8 /* Project object */;
			proxyType = 1;
			remoteGlobalIDString = 769E743D243330D000762FD8;
			remoteInfo = Mualim;
		};
		769E7460243330D200762FD8 /* PBXContainerItemProxy */ = {
			isa = PBXContainerItemProxy;
			containerPortal = 769E7436243330D000762FD8 /* Project object */;
			proxyType = 1;
			remoteGlobalIDString = 769E743D243330D000762FD8;
			remoteInfo = Mualim;
		};
/* End PBXContainerItemProxy section */

/* Begin PBXFileReference section */
		769E743E243330D000762FD8 /* Mualim.app */ = {isa = PBXFileReference; explicitFileType = wrapper.application; includeInIndex = 0; path = Mualim.app; sourceTree = BUILT_PRODUCTS_DIR; };
		769E7441243330D000762FD8 /* AppDelegate.swift */ = {isa = PBXFileReference; lastKnownFileType = sourcecode.swift; path = AppDelegate.swift; sourceTree = "<group>"; };
		769E7443243330D000762FD8 /* SceneDelegate.swift */ = {isa = PBXFileReference; lastKnownFileType = sourcecode.swift; path = SceneDelegate.swift; sourceTree = "<group>"; };
		769E7445243330D000762FD8 /* ContentView.swift */ = {isa = PBXFileReference; lastKnownFileType = sourcecode.swift; path = ContentView.swift; sourceTree = "<group>"; };
		769E7447243330D200762FD8 /* Assets.xcassets */ = {isa = PBXFileReference; lastKnownFileType = folder.assetcatalog; path = Assets.xcassets; sourceTree = "<group>"; };
		769E744A243330D200762FD8 /* Preview Assets.xcassets */ = {isa = PBXFileReference; lastKnownFileType = folder.assetcatalog; path = "Preview Assets.xcassets"; sourceTree = "<group>"; };
		769E744D243330D200762FD8 /* Base */ = {isa = PBXFileReference; lastKnownFileType = file.storyboard; name = Base; path = Base.lproj/LaunchScreen.storyboard; sourceTree = "<group>"; };
		769E744F243330D200762FD8 /* Info.plist */ = {isa = PBXFileReference; lastKnownFileType = text.plist.xml; path = Info.plist; sourceTree = "<group>"; };
		769E7454243330D200762FD8 /* MualimTests.xctest */ = {isa = PBXFileReference; explicitFileType = wrapper.cfbundle; includeInIndex = 0; path = MualimTests.xctest; sourceTree = BUILT_PRODUCTS_DIR; };
		769E7458243330D200762FD8 /* MualimTests.swift */ = {isa = PBXFileReference; lastKnownFileType = sourcecode.swift; path = MualimTests.swift; sourceTree = "<group>"; };
		769E745A243330D200762FD8 /* Info.plist */ = {isa = PBXFileReference; lastKnownFileType = text.plist.xml; path = Info.plist; sourceTree = "<group>"; };
		769E745F243330D200762FD8 /* MualimUITests.xctest */ = {isa = PBXFileReference; explicitFileType = wrapper.cfbundle; includeInIndex = 0; path = MualimUITests.xctest; sourceTree = BUILT_PRODUCTS_DIR; };
		769E7463243330D200762FD8 /* MualimUITests.swift */ = {isa = PBXFileReference; lastKnownFileType = sourcecode.swift; path = MualimUITests.swift; sourceTree = "<group>"; };
		769E7465243330D200762FD8 /* Info.plist */ = {isa = PBXFileReference; lastKnownFileType = text.plist.xml; path = Info.plist; sourceTree = "<group>"; };
/* End PBXFileReference section */

/* Begin PBXFrameworksBuildPhase section */
		769E743B243330D000762FD8 /* Frameworks */ = {
			isa = PBXFrameworksBuildPhase;
			buildActionMask = 2147483647;
			files = (
			);
			runOnlyForDeploymentPostprocessing = 0;
		};
		769E7451243330D200762FD8 /* Frameworks */ = {
			isa = PBXFrameworksBuildPhase;
			buildActionMask = 2147483647;
			files = (
			);
			runOnlyForDeploymentPostprocessing = 0;
		};
		769E745C243330D200762FD8 /* Frameworks */ = {
			isa = PBXFrameworksBuildPhase;
			buildActionMask = 2147483647;
			files = (
			);
			runOnlyForDeploymentPostprocessing = 0;
		};
/* End PBXFrameworksBuildPhase section */

/* Begin PBXGroup section */
		769E7435243330D000762FD8 = {
			isa = PBXGroup;
			children = (
				769E7440243330D000762FD8 /* Mualim */,
				769E7457243330D200762FD8 /* MualimTests */,
				769E7462243330D200762FD8 /* MualimUITests */,
				769E743F243330D000762FD8 /* Products */,
			);
			sourceTree = "<group>";
		};
		769E743F243330D000762FD8 /* Products */ = {
			isa = PBXGroup;
			children = (
				769E743E243330D000762FD8 /* Mualim.app */,
				769E7454243330D200762FD8 /* MualimTests.xctest */,
				769E745F243330D200762FD8 /* MualimUITests.xctest */,
			);
			name = Products;
			sourceTree = "<group>";
		};
		769E7440243330D000762FD8 /* Mualim */ = {
			isa = PBXGroup;
			children = (
				769E7441243330D000762FD8 /* AppDelegate.swift */,
				769E7443243330D000762FD8 /* SceneDelegate.swift */,
				769E7445243330D000762FD8 /* ContentView.swift */,
				769E7447243330D200762FD8 /* Assets.xcassets */,
				769E744C243330D200762FD8 /* LaunchScreen.storyboard */,
				769E744F243330D200762FD8 /* Info.plist */,
				769E7449243330D200762FD8 /* Preview Content */,
			);
			path = Mualim;
			sourceTree = "<group>";
		};
		769E7449243330D200762FD8 /* Preview Content */ = {
			isa = PBXGroup;
			children = (
				769E744A243330D200762FD8 /* Preview Assets.xcassets */,
			);
			path = "Preview Content";
			sourceTree = "<group>";
		};
		769E7457243330D200762FD8 /* MualimTests */ = {
			isa = PBXGroup;
			children = (
				769E7458243330D200762FD8 /* MualimTests.swift */,
				769E745A243330D200762FD8 /* Info.plist */,
			);
			path = MualimTests;
			sourceTree = "<group>";
		};
		769E7462243330D200762FD8 /* MualimUITests */ = {
			isa = PBXGroup;
			children = (
				769E7463243330D200762FD8 /* MualimUITests.swift */,
				769E7465243330D200762FD8 /* Info.plist */,
			);
			path = MualimUITests;
			sourceTree = "<group>";
		};
/* End PBXGroup section */

/* Begin PBXNativeTarget section */
		769E743D243330D000762FD8 /* Mualim */ = {
			isa = PBXNativeTarget;
			buildConfigurationList = 769E7468243330D200762FD8 /* Build configuration list for PBXNativeTarget "Mualim" */;
			buildPhases = (
				769E743A243330D000762FD8 /* Sources */,
				769E743B243330D000762FD8 /* Frameworks */,
				769E743C243330D000762FD8 /* Resources */,
			);
			buildRules = (
			);
			dependencies = (
			);
			name = Mualim;
			productName = Mualim;
			productReference = 769E743E243330D000762FD8 /* Mualim.app */;
			productType = "com.apple.product-type.application";
		};
		769E7453243330D200762FD8 /* MualimTests */ = {
			isa = PBXNativeTarget;
			buildConfigurationList = 769E746B243330D200762FD8 /* Build configuration list for PBXNativeTarget "MualimTests" */;
			buildPhases = (
				769E7450243330D200762FD8 /* Sources */,
				769E7451243330D200762FD8 /* Frameworks */,
				769E7452243330D200762FD8 /* Resources */,
			);
			buildRules = (
			);
			dependencies = (
				769E7456243330D200762FD8 /* PBXTargetDependency */,
			);
			name = MualimTests;
			productName = MualimTests;
			productReference = 769E7454243330D200762FD8 /* MualimTests.xctest */;
			productType = "com.apple.product-type.bundle.unit-test";
		};
		769E745E243330D200762FD8 /* MualimUITests */ = {
			isa = PBXNativeTarget;
			buildConfigurationList = 769E746E243330D200762FD8 /* Build configuration list for PBXNativeTarget "MualimUITests" */;
			buildPhases = (
				769E745B243330D200762FD8 /* Sources */,
				769E745C243330D200762FD8 /* Frameworks */,
				769E745D243330D200762FD8 /* Resources */,
			);
			buildRules = (
			);
			dependencies = (
				769E7461243330D200762FD8 /* PBXTargetDependency */,
			);
			name = MualimUITests;
			productName = MualimUITests;
			productReference = 769E745F243330D200762FD8 /* MualimUITests.xctest */;
			productType = "com.apple.product-type.bundle.ui-testing";
		};
/* End PBXNativeTarget section */

/* Begin PBXProject section */
		769E7436243330D000762FD8 /* Project object */ = {
			isa = PBXProject;
			attributes = {
				LastSwiftUpdateCheck = 1130;
				LastUpgradeCheck = 1130;
				ORGANIZATIONNAME = "Agung Ramadhan Putra";
				TargetAttributes = {
					769E743D243330D000762FD8 = {
						CreatedOnToolsVersion = 11.3.1;
					};
					769E7453243330D200762FD8 = {
						CreatedOnToolsVersion = 11.3.1;
						TestTargetID = 769E743D243330D000762FD8;
					};
					769E745E243330D200762FD8 = {
						CreatedOnToolsVersion = 11.3.1;
						TestTargetID = 769E743D243330D000762FD8;
					};
				};
			};
			buildConfigurationList = 769E7439243330D000762FD8 /* Build configuration list for PBXProject "Mualim" */;
			compatibilityVersion = "Xcode 9.3";
			developmentRegion = en;
			hasScannedForEncodings = 0;
			knownRegions = (
				en,
				Base,
			);
			mainGroup = 769E7435243330D000762FD8;
			productRefGroup = 769E743F243330D000762FD8 /* Products */;
			projectDirPath = "";
			projectRoot = "";
			targets = (
				769E743D243330D000762FD8 /* Mualim */,
				769E7453243330D200762FD8 /* MualimTests */,
				769E745E243330D200762FD8 /* MualimUITests */,
			);
		};
/* End PBXProject section */

/* Begin PBXResourcesBuildPhase section */
		769E743C243330D000762FD8 /* Resources */ = {
			isa = PBXResourcesBuildPhase;
			buildActionMask = 2147483647;
			files = (
				769E744E243330D200762FD8 /* LaunchScreen.storyboard in Resources */,
				769E744B243330D200762FD8 /* Preview Assets.xcassets in Resources */,
				769E7448243330D200762FD8 /* Assets.xcassets in Resources */,
			);
			runOnlyForDeploymentPostprocessing = 0;
		};
		769E7452243330D200762FD8 /* Resources */ = {
			isa = PBXResourcesBuildPhase;
			buildActionMask = 2147483647;
			files = (
			);
			runOnlyForDeploymentPostprocessing = 0;
		};
		769E745D243330D200762FD8 /* Resources */ = {
			isa = PBXResourcesBuildPhase;
			buildActionMask = 2147483647;
			files = (
			);
			runOnlyForDeploymentPostprocessing = 0;
		};
/* End PBXResourcesBuildPhase section */

/* Begin PBXSourcesBuildPhase section */
		769E743A243330D000762FD8 /* Sources */ = {
			isa = PBXSourcesBuildPhase;
			buildActionMask = 2147483647;
			files = (
				769E7442243330D000762FD8 /* AppDelegate.swift in Sources */,
				769E7444243330D000762FD8 /* SceneDelegate.swift in Sources */,
				769E7446243330D000762FD8 /* ContentView.swift in Sources */,
			);
			runOnlyForDeploymentPostprocessing = 0;
		};
		769E7450243330D200762FD8 /* Sources */ = {
			isa = PBXSourcesBuildPhase;
			buildActionMask = 2147483647;
			files = (
				769E7459243330D200762FD8 /* MualimTests.swift in Sources */,
			);
			runOnlyForDeploymentPostprocessing = 0;
		};
		769E745B243330D200762FD8 /* Sources */ = {
			isa = PBXSourcesBuildPhase;
			buildActionMask = 2147483647;
			files = (
				769E7464243330D200762FD8 /* MualimUITests.swift in Sources */,
			);
			runOnlyForDeploymentPostprocessing = 0;
		};
/* End PBXSourcesBuildPhase section */

/* Begin PBXTargetDependency section */
		769E7456243330D200762FD8 /* PBXTargetDependency */ = {
			isa = PBXTargetDependency;
			target = 769E743D243330D000762FD8 /* Mualim */;
			targetProxy = 769E7455243330D200762FD8 /* PBXContainerItemProxy */;
		};
		769E7461243330D200762FD8 /* PBXTargetDependency */ = {
			isa = PBXTargetDependency;
			target = 769E743D243330D000762FD8 /* Mualim */;
			targetProxy = 769E7460243330D200762FD8 /* PBXContainerItemProxy */;
		};
/* End PBXTargetDependency section */

/* Begin PBXVariantGroup section */
		769E744C243330D200762FD8 /* LaunchScreen.storyboard */ = {
			isa = PBXVariantGroup;
			children = (
				769E744D243330D200762FD8 /* Base */,
			);
			name = LaunchScreen.storyboard;
			sourceTree = "<group>";
		};
/* End PBXVariantGroup section */

/* Begin XCBuildConfiguration section */
		769E7466243330D200762FD8 /* Debug */ = {
			isa = XCBuildConfiguration;
			buildSettings = {
				ALWAYS_SEARCH_USER_PATHS = NO;
				CLANG_ANALYZER_NONNULL = YES;
				CLANG_ANALYZER_NUMBER_OBJECT_CONVERSION = YES_AGGRESSIVE;
				CLANG_CXX_LANGUAGE_STANDARD = "gnu++14";
				CLANG_CXX_LIBRARY = "libc++";
				CLANG_ENABLE_MODULES = YES;
				CLANG_ENABLE_OBJC_ARC = YES;
				CLANG_ENABLE_OBJC_WEAK = YES;
				CLANG_WARN_BLOCK_CAPTURE_AUTORELEASING = YES;
				CLANG_WARN_BOOL_CONVERSION = YES;
				CLANG_WARN_COMMA = YES;
				CLANG_WARN_CONSTANT_CONVERSION = YES;
				CLANG_WARN_DEPRECATED_OBJC_IMPLEMENTATIONS = YES;
				CLANG_WARN_DIRECT_OBJC_ISA_USAGE = YES_ERROR;
				CLANG_WARN_DOCUMENTATION_COMMENTS = YES;
				CLANG_WARN_EMPTY_BODY = YES;
				CLANG_WARN_ENUM_CONVERSION = YES;
				CLANG_WARN_INFINITE_RECURSION = YES;
				CLANG_WARN_INT_CONVERSION = YES;
				CLANG_WARN_NON_LITERAL_NULL_CONVERSION = YES;
				CLANG_WARN_OBJC_IMPLICIT_RETAIN_SELF = YES;
				CLANG_WARN_OBJC_LITERAL_CONVERSION = YES;
				CLANG_WARN_OBJC_ROOT_CLASS = YES_ERROR;
				CLANG_WARN_RANGE_LOOP_ANALYSIS = YES;
				CLANG_WARN_STRICT_PROTOTYPES = YES;
				CLANG_WARN_SUSPICIOUS_MOVE = YES;
				CLANG_WARN_UNGUARDED_AVAILABILITY = YES_AGGRESSIVE;
				CLANG_WARN_UNREACHABLE_CODE = YES;
				CLANG_WARN__DUPLICATE_METHOD_MATCH = YES;
				COPY_PHASE_STRIP = NO;
				DEBUG_INFORMATION_FORMAT = dwarf;
				ENABLE_STRICT_OBJC_MSGSEND = YES;
				ENABLE_TESTABILITY = YES;
				GCC_C_LANGUAGE_STANDARD = gnu11;
				GCC_DYNAMIC_NO_PIC = NO;
				GCC_NO_COMMON_BLOCKS = YES;
				GCC_OPTIMIZATION_LEVEL = 0;
				GCC_PREPROCESSOR_DEFINITIONS = (
					"DEBUG=1",
					"$(inherited)",
				);
				GCC_WARN_64_TO_32_BIT_CONVERSION = YES;
				GCC_WARN_ABOUT_RETURN_TYPE = YES_ERROR;
				GCC_WARN_UNDECLARED_SELECTOR = YES;
				GCC_WARN_UNINITIALIZED_AUTOS = YES_AGGRESSIVE;
				GCC_WARN_UNUSED_FUNCTION = YES;
				GCC_WARN_UNUSED_VARIABLE = YES;
				IPHONEOS_DEPLOYMENT_TARGET = 13.2;
				MTL_ENABLE_DEBUG_INFO = INCLUDE_SOURCE;
				MTL_FAST_MATH = YES;
				ONLY_ACTIVE_ARCH = YES;
				SDKROOT = iphoneos;
				SWIFT_ACTIVE_COMPILATION_CONDITIONS = DEBUG;
				SWIFT_OPTIMIZATION_LEVEL = "-Onone";
			};
			name = Debug;
		};
		769E7467243330D200762FD8 /* Release */ = {
			isa = XCBuildConfiguration;
			buildSettings = {
				ALWAYS_SEARCH_USER_PATHS = NO;
				CLANG_ANALYZER_NONNULL = YES;
				CLANG_ANALYZER_NUMBER_OBJECT_CONVERSION = YES_AGGRESSIVE;
				CLANG_CXX_LANGUAGE_STANDARD = "gnu++14";
				CLANG_CXX_LIBRARY = "libc++";
				CLANG_ENABLE_MODULES = YES;
				CLANG_ENABLE_OBJC_ARC = YES;
				CLANG_ENABLE_OBJC_WEAK = YES;
				CLANG_WARN_BLOCK_CAPTURE_AUTORELEASING = YES;
				CLANG_WARN_BOOL_CONVERSION = YES;
				CLANG_WARN_COMMA = YES;
				CLANG_WARN_CONSTANT_CONVERSION = YES;
				CLANG_WARN_DEPRECATED_OBJC_IMPLEMENTATIONS = YES;
				CLANG_WARN_DIRECT_OBJC_ISA_USAGE = YES_ERROR;
				CLANG_WARN_DOCUMENTATION_COMMENTS = YES;
				CLANG_WARN_EMPTY_BODY = YES;
				CLANG_WARN_ENUM_CONVERSION = YES;
				CLANG_WARN_INFINITE_RECURSION = YES;
				CLANG_WARN_INT_CONVERSION = YES;
				CLANG_WARN_NON_LITERAL_NULL_CONVERSION = YES;
				CLANG_WARN_OBJC_IMPLICIT_RETAIN_SELF = YES;
				CLANG_WARN_OBJC_LITERAL_CONVERSION = YES;
				CLANG_WARN_OBJC_ROOT_CLASS = YES_ERROR;
				CLANG_WARN_RANGE_LOOP_ANALYSIS = YES;
				CLANG_WARN_STRICT_PROTOTYPES = YES;
				CLANG_WARN_SUSPICIOUS_MOVE = YES;
				CLANG_WARN_UNGUARDED_AVAILABILITY = YES_AGGRESSIVE;
				CLANG_WARN_UNREACHABLE_CODE = YES;
				CLANG_WARN__DUPLICATE_METHOD_MATCH = YES;
				COPY_PHASE_STRIP = NO;
				DEBUG_INFORMATION_FORMAT = "dwarf-with-dsym";
				ENABLE_NS_ASSERTIONS = NO;
				ENABLE_STRICT_OBJC_MSGSEND = YES;
				GCC_C_LANGUAGE_STANDARD = gnu11;
				GCC_NO_COMMON_BLOCKS = YES;
				GCC_WARN_64_TO_32_BIT_CONVERSION = YES;
				GCC_WARN_ABOUT_RETURN_TYPE = YES_ERROR;
				GCC_WARN_UNDECLARED_SELECTOR = YES;
				GCC_WARN_UNINITIALIZED_AUTOS = YES_AGGRESSIVE;
				GCC_WARN_UNUSED_FUNCTION = YES;
				GCC_WARN_UNUSED_VARIABLE = YES;
				IPHONEOS_DEPLOYMENT_TARGET = 13.2;
				MTL_ENABLE_DEBUG_INFO = NO;
				MTL_FAST_MATH = YES;
				SDKROOT = iphoneos;
				SWIFT_COMPILATION_MODE = wholemodule;
				SWIFT_OPTIMIZATION_LEVEL = "-O";
				VALIDATE_PRODUCT = YES;
			};
			name = Release;
		};
		769E7469243330D200762FD8 /* Debug */ = {
			isa = XCBuildConfiguration;
			buildSettings = {
				ASSETCATALOG_COMPILER_APPICON_NAME = AppIcon;
				CODE_SIGN_STYLE = Automatic;
				DEVELOPMENT_ASSET_PATHS = "\"Mualim/Preview Content\"";
				DEVELOPMENT_TEAM = 5G3QW89B59;
				ENABLE_PREVIEWS = YES;
				INFOPLIST_FILE = Mualim/Info.plist;
				LD_RUNPATH_SEARCH_PATHS = (
					"$(inherited)",
					"@executable_path/Frameworks",
				);
				PRODUCT_BUNDLE_IDENTIFIER = com.example.Mualim;
				PRODUCT_NAME = "$(TARGET_NAME)";
				SWIFT_VERSION = 5.0;
				TARGETED_DEVICE_FAMILY = "1,2";
			};
			name = Debug;
		};
		769E746A243330D200762FD8 /* Release */ = {
			isa = XCBuildConfiguration;
			buildSettings = {
				ASSETCATALOG_COMPILER_APPICON_NAME = AppIcon;
				CODE_SIGN_STYLE = Automatic;
				DEVELOPMENT_ASSET_PATHS = "\"Mualim/Preview Content\"";
				DEVELOPMENT_TEAM = 5G3QW89B59;
				ENABLE_PREVIEWS = YES;
				INFOPLIST_FILE = Mualim/Info.plist;
				LD_RUNPATH_SEARCH_PATHS = (
					"$(inherited)",
					"@executable_path/Frameworks",
				);
				PRODUCT_BUNDLE_IDENTIFIER = com.example.Mualim;
				PRODUCT_NAME = "$(TARGET_NAME)";
				SWIFT_VERSION = 5.0;
				TARGETED_DEVICE_FAMILY = "1,2";
			};
			name = Release;
		};
		769E746C243330D200762FD8 /* Debug */ = {
			isa = XCBuildConfiguration;
			buildSettings = {
				ALWAYS_EMBED_SWIFT_STANDARD_LIBRARIES = YES;
				BUNDLE_LOADER = "$(TEST_HOST)";
				CODE_SIGN_STYLE = Automatic;
				DEVELOPMENT_TEAM = 5G3QW89B59;
				INFOPLIST_FILE = MualimTests/Info.plist;
				IPHONEOS_DEPLOYMENT_TARGET = 13.2;
				LD_RUNPATH_SEARCH_PATHS = (
					"$(inherited)",
					"@executable_path/Frameworks",
					"@loader_path/Frameworks",
				);
				PRODUCT_BUNDLE_IDENTIFIER = com.example.MualimTests;
				PRODUCT_NAME = "$(TARGET_NAME)";
				SWIFT_VERSION = 5.0;
				TARGETED_DEVICE_FAMILY = "1,2";
				TEST_HOST = "$(BUILT_PRODUCTS_DIR)/Mualim.app/Mualim";
			};
			name = Debug;
		};
		769E746D243330D200762FD8 /* Release */ = {
			isa = XCBuildConfiguration;
			buildSettings = {
				ALWAYS_EMBED_SWIFT_STANDARD_LIBRARIES = YES;
				BUNDLE_LOADER = "$(TEST_HOST)";
				CODE_SIGN_STYLE = Automatic;
				DEVELOPMENT_TEAM = 5G3QW89B59;
				INFOPLIST_FILE = MualimTests/Info.plist;
				IPHONEOS_DEPLOYMENT_TARGET = 13.2;
				LD_RUNPATH_SEARCH_PATHS = (
					"$(inherited)",
					"@executable_path/Frameworks",
					"@loader_path/Frameworks",
				);
				PRODUCT_BUNDLE_IDENTIFIER = com.example.MualimTests;
				PRODUCT_NAME = "$(TARGET_NAME)";
				SWIFT_VERSION = 5.0;
				TARGETED_DEVICE_FAMILY = "1,2";
				TEST_HOST = "$(BUILT_PRODUCTS_DIR)/Mualim.app/Mualim";
			};
			name = Release;
		};
		769E746F243330D200762FD8 /* Debug */ = {
			isa = XCBuildConfiguration;
			buildSettings = {
				ALWAYS_EMBED_SWIFT_STANDARD_LIBRARIES = YES;
				CODE_SIGN_STYLE = Automatic;
				DEVELOPMENT_TEAM = 5G3QW89B59;
				INFOPLIST_FILE = MualimUITests/Info.plist;
				LD_RUNPATH_SEARCH_PATHS = (
					"$(inherited)",
					"@executable_path/Frameworks",
					"@loader_path/Frameworks",
				);
				PRODUCT_BUNDLE_IDENTIFIER = com.example.MualimUITests;
				PRODUCT_NAME = "$(TARGET_NAME)";
				SWIFT_VERSION = 5.0;
				TARGETED_DEVICE_FAMILY = "1,2";
				TEST_TARGET_NAME = Mualim;
			};
			name = Debug;
		};
		769E7470243330D200762FD8 /* Release */ = {
			isa = XCBuildConfiguration;
			buildSettings = {
				ALWAYS_EMBED_SWIFT_STANDARD_LIBRARIES = YES;
				CODE_SIGN_STYLE = Automatic;
				DEVELOPMENT_TEAM = 5G3QW89B59;
				INFOPLIST_FILE = MualimUITests/Info.plist;
				LD_RUNPATH_SEARCH_PATHS = (
					"$(inherited)",
					"@executable_path/Frameworks",
					"@loader_path/Frameworks",
				);
				PRODUCT_BUNDLE_IDENTIFIER = com.example.MualimUITests;
				PRODUCT_NAME = "$(TARGET_NAME)";
				SWIFT_VERSION = 5.0;
				TARGETED_DEVICE_FAMILY = "1,2";
				TEST_TARGET_NAME = Mualim;
			};
			name = Release;
		};
/* End XCBuildConfiguration section */

/* Begin XCConfigurationList section */
		769E7439243330D000762FD8 /* Build configuration list for PBXProject "Mualim" */ = {
			isa = XCConfigurationList;
			buildConfigurations = (
				769E7466243330D200762FD8 /* Debug */,
				769E7467243330D200762FD8 /* Release */,
			);
			defaultConfigurationIsVisible = 0;
			defaultConfigurationName = Release;
		};
		769E7468243330D200762FD8 /* Build configuration list for PBXNativeTarget "Mualim" */ = {
			isa = XCConfigurationList;
			buildConfigurations = (
				769E7469243330D200762FD8 /* Debug */,
				769E746A243330D200762FD8 /* Release */,
			);
			defaultConfigurationIsVisible = 0;
			defaultConfigurationName = Release;
		};
		769E746B243330D200762FD8 /* Build configuration list for PBXNativeTarget "MualimTests" */ = {
			isa = XCConfigurationList;
			buildConfigurations = (
				769E746C243330D200762FD8 /* Debug */,
				769E746D243330D200762FD8 /* Release */,
			);
			defaultConfigurationIsVisible = 0;
			defaultConfigurationName = Release;
		};
		769E746E243330D200762FD8 /* Build configuration list for PBXNativeTarget "MualimUITests" */ = {
			isa = XCConfigurationList;
			buildConfigurations = (
				769E746F243330D200762FD8 /* Debug */,
				769E7470243330D200762FD8 /* Release */,
			);
			defaultConfigurationIsVisible = 0;
			defaultConfigurationName = Release;
		};
/* End XCConfigurationList section */
	};
	rootObject = 769E7436243330D000762FD8 /* Project object */;
}
